
Microsoft Visual Studio Solution File, Format Version 12.00
# Visual Studio Version 17
VisualStudioVersion = 17.9.34723.18
MinimumVisualStudioVersion = 10.0.40219.1
Project("{FAE04EC0-301F-11D3-BF4B-00C04F79EFBC}") = "publisher subscriber design battern Order event", "publisher subscriber design battern Order event.csproj", "{D5B56CA3-FBD5-43EA-A481-780CD116B06B}"
EndProject
Global
	GlobalSection(SolutionConfigurationPlatforms) = preSolution
		Debug|Any CPU = Debug|Any CPU
		Release|Any CPU = Release|Any CPU
	EndGlobalSection
	GlobalSection(ProjectConfigurationPlatforms) = postSolution
		{D5B56CA3-FBD5-43EA-A481-780CD116B06B}.Debug|Any CPU.ActiveCfg = Debug|Any CPU
		{D5B56CA3-FBD5-43EA-A481-780CD116B06B}.Debug|Any CPU.Build.0 = Debug|Any CPU
		{D5B56CA3-FBD5-43EA-A481-780CD116B06B}.Release|Any CPU.ActiveCfg = Release|Any CPU
		{D5B56CA3-FBD5-43EA-A481-780CD116B06B}.Release|Any CPU.Build.0 = Release|Any CPU
	EndGlobalSection
	GlobalSection(SolutionProperties) = preSolution
		HideSolutionNode = FALSE
	EndGlobalSection
	GlobalSection(ExtensibilityGlobals) = postSolution
		SolutionGuid = {DC1386BF-155B-4702-B87E-98BA09100C09}
	EndGlobalSection
EndGlobal
